
Microsoft Visual Studio Solution File, Format Version 12.00
# Visual Studio Version 17
VisualStudioVersion = 17.14.36811.4 d17.14
MinimumVisualStudioVersion = 10.0.40219.1
Project("{FAE04EC0-301F-11D3-BF4B-00C04F79EFBC}") = "focuslosthotkey", "focuslosthotkey\focuslosthotkey.csproj", "{E16D74B0-B638-49E8-B665-7EAF796A7FB4}"
EndProject
Global
	GlobalSection(SolutionConfigurationPlatforms) = preSolution
		Debug|Any CPU = Debug|Any CPU
		Release|Any CPU = Release|Any CPU
	EndGlobalSection
	GlobalSection(ProjectConfigurationPlatforms) = postSolution
		{E16D74B0-B638-49E8-B665-7EAF796A7FB4}.Debug|Any CPU.ActiveCfg = Debug|Any CPU
		{E16D74B0-B638-49E8-B665-7EAF796A7FB4}.Debug|Any CPU.Build.0 = Debug|Any CPU
		{E16D74B0-B638-49E8-B665-7EAF796A7FB4}.Release|Any CPU.ActiveCfg = Release|Any CPU
		{E16D74B0-B638-49E8-B665-7EAF796A7FB4}.Release|Any CPU.Build.0 = Release|Any CPU
	EndGlobalSection
	GlobalSection(SolutionProperties) = preSolution
		HideSolutionNode = FALSE
	EndGlobalSection
	GlobalSection(ExtensibilityGlobals) = postSolution
		SolutionGuid = {D7B605A1-1240-42F5-82D2-B5C8C7832918}
	EndGlobalSection
EndGlobal
